
Microsoft Visual Studio Solution File, Format Version 12.00
# Visual Studio Version 17
VisualStudioVersion = 17.7.34024.191
MinimumVisualStudioVersion = 10.0.40219.1
Project("{FAE04EC0-301F-11D3-BF4B-00C04F79EFBC}") = "ServerApp", "ServerApp\ServerApp.csproj", "{7C8AFF70-70B5-4A88-912C-9B951FEC3BC9}"
EndProject
Project("{FAE04EC0-301F-11D3-BF4B-00C04F79EFBC}") = "ClientApp", "ClientApp\ClientApp.csproj", "{BBFEF6CB-B808-4495-A5B1-A18DE3C3EEC1}"
EndProject
Global
	GlobalSection(SolutionConfigurationPlatforms) = preSolution
		Debug|Any CPU = Debug|Any CPU
		Release|Any CPU = Release|Any CPU
	EndGlobalSection
	GlobalSection(ProjectConfigurationPlatforms) = postSolution
		{7C8AFF70-70B5-4A88-912C-9B951FEC3BC9}.Debug|Any CPU.ActiveCfg = Debug|Any CPU
		{7C8AFF70-70B5-4A88-912C-9B951FEC3BC9}.Debug|Any CPU.Build.0 = Debug|Any CPU
		{7C8AFF70-70B5-4A88-912C-9B951FEC3BC9}.Release|Any CPU.ActiveCfg = Release|Any CPU
		{7C8AFF70-70B5-4A88-912C-9B951FEC3BC9}.Release|Any CPU.Build.0 = Release|Any CPU
		{BBFEF6CB-B808-4495-A5B1-A18DE3C3EEC1}.Debug|Any CPU.ActiveCfg = Debug|Any CPU
		{BBFEF6CB-B808-4495-A5B1-A18DE3C3EEC1}.Debug|Any CPU.Build.0 = Debug|Any CPU
		{BBFEF6CB-B808-4495-A5B1-A18DE3C3EEC1}.Release|Any CPU.ActiveCfg = Release|Any CPU
		{BBFEF6CB-B808-4495-A5B1-A18DE3C3EEC1}.Release|Any CPU.Build.0 = Release|Any CPU
	EndGlobalSection
	GlobalSection(SolutionProperties) = preSolution
		HideSolutionNode = FALSE
	EndGlobalSection
	GlobalSection(ExtensibilityGlobals) = postSolution
		SolutionGuid = {19FCD0D0-F0CD-4D3C-8A17-2950E6984544}
	EndGlobalSection
EndGlobal
