
Microsoft Visual Studio Solution File, Format Version 12.00
# Visual Studio Version 17
VisualStudioVersion = 17.7.34009.444
MinimumVisualStudioVersion = 10.0.40219.1
Project("{FAE04EC0-301F-11D3-BF4B-00C04F79EFBC}") = "AzureFunctions", "AzureFunctions\AzureFunctions.csproj", "{5A67E2A1-CA16-4270-BAFE-FDBF99C2A505}"
EndProject
Project("{FAE04EC0-301F-11D3-BF4B-00C04F79EFBC}") = "Shared", "Shared\Shared.csproj", "{47353C6D-22DA-4CDA-9F7B-0E8A63C51969}"
EndProject
Global
	GlobalSection(SolutionConfigurationPlatforms) = preSolution
		Debug|Any CPU = Debug|Any CPU
		Release|Any CPU = Release|Any CPU
	EndGlobalSection
	GlobalSection(ProjectConfigurationPlatforms) = postSolution
		{5A67E2A1-CA16-4270-BAFE-FDBF99C2A505}.Debug|Any CPU.ActiveCfg = Debug|Any CPU
		{5A67E2A1-CA16-4270-BAFE-FDBF99C2A505}.Debug|Any CPU.Build.0 = Debug|Any CPU
		{5A67E2A1-CA16-4270-BAFE-FDBF99C2A505}.Release|Any CPU.ActiveCfg = Release|Any CPU
		{5A67E2A1-CA16-4270-BAFE-FDBF99C2A505}.Release|Any CPU.Build.0 = Release|Any CPU
		{47353C6D-22DA-4CDA-9F7B-0E8A63C51969}.Debug|Any CPU.ActiveCfg = Debug|Any CPU
		{47353C6D-22DA-4CDA-9F7B-0E8A63C51969}.Debug|Any CPU.Build.0 = Debug|Any CPU
		{47353C6D-22DA-4CDA-9F7B-0E8A63C51969}.Release|Any CPU.ActiveCfg = Release|Any CPU
		{47353C6D-22DA-4CDA-9F7B-0E8A63C51969}.Release|Any CPU.Build.0 = Release|Any CPU
	EndGlobalSection
	GlobalSection(SolutionProperties) = preSolution
		HideSolutionNode = FALSE
	EndGlobalSection
	GlobalSection(ExtensibilityGlobals) = postSolution
		SolutionGuid = {70D34B3C-871E-4146-8865-57A141AD71C8}
	EndGlobalSection
EndGlobal
