
Microsoft Visual Studio Solution File, Format Version 12.00
# Visual Studio Version 17
VisualStudioVersion = 17.7.34031.279
MinimumVisualStudioVersion = 10.0.40219.1
Project("{9A19103F-16F7-4668-BE54-9A1E7A4F7556}") = "ConsoleDevice", "ConsoleDevice\ConsoleDevice.csproj", "{64FD8CC1-F39A-4E8B-8ED7-B35E5397F1B9}"
EndProject
Project("{9A19103F-16F7-4668-BE54-9A1E7A4F7556}") = "AzureFunctions", "AzureFunctions\AzureFunctions.csproj", "{24EE9471-51EB-43B0-A05C-E018F28682AD}"
EndProject
Project("{FAE04EC0-301F-11D3-BF4B-00C04F79EFBC}") = "DataAccess", "DataAccess\DataAccess.csproj", "{FC2E3008-F415-46BD-B59B-B738D8E54DB5}"
EndProject
Project("{FAE04EC0-301F-11D3-BF4B-00C04F79EFBC}") = "WpfDevice", "WpfDevice\WpfDevice.csproj", "{1A10C82D-D846-4914-A162-B250FA0CAD61}"
EndProject
Global
	GlobalSection(SolutionConfigurationPlatforms) = preSolution
		Debug|Any CPU = Debug|Any CPU
		Release|Any CPU = Release|Any CPU
	EndGlobalSection
	GlobalSection(ProjectConfigurationPlatforms) = postSolution
		{64FD8CC1-F39A-4E8B-8ED7-B35E5397F1B9}.Debug|Any CPU.ActiveCfg = Debug|Any CPU
		{64FD8CC1-F39A-4E8B-8ED7-B35E5397F1B9}.Debug|Any CPU.Build.0 = Debug|Any CPU
		{64FD8CC1-F39A-4E8B-8ED7-B35E5397F1B9}.Release|Any CPU.ActiveCfg = Release|Any CPU
		{64FD8CC1-F39A-4E8B-8ED7-B35E5397F1B9}.Release|Any CPU.Build.0 = Release|Any CPU
		{24EE9471-51EB-43B0-A05C-E018F28682AD}.Debug|Any CPU.ActiveCfg = Debug|Any CPU
		{24EE9471-51EB-43B0-A05C-E018F28682AD}.Debug|Any CPU.Build.0 = Debug|Any CPU
		{24EE9471-51EB-43B0-A05C-E018F28682AD}.Release|Any CPU.ActiveCfg = Release|Any CPU
		{24EE9471-51EB-43B0-A05C-E018F28682AD}.Release|Any CPU.Build.0 = Release|Any CPU
		{FC2E3008-F415-46BD-B59B-B738D8E54DB5}.Debug|Any CPU.ActiveCfg = Debug|Any CPU
		{FC2E3008-F415-46BD-B59B-B738D8E54DB5}.Debug|Any CPU.Build.0 = Debug|Any CPU
		{FC2E3008-F415-46BD-B59B-B738D8E54DB5}.Release|Any CPU.ActiveCfg = Release|Any CPU
		{FC2E3008-F415-46BD-B59B-B738D8E54DB5}.Release|Any CPU.Build.0 = Release|Any CPU
		{1A10C82D-D846-4914-A162-B250FA0CAD61}.Debug|Any CPU.ActiveCfg = Debug|Any CPU
		{1A10C82D-D846-4914-A162-B250FA0CAD61}.Debug|Any CPU.Build.0 = Debug|Any CPU
		{1A10C82D-D846-4914-A162-B250FA0CAD61}.Release|Any CPU.ActiveCfg = Release|Any CPU
		{1A10C82D-D846-4914-A162-B250FA0CAD61}.Release|Any CPU.Build.0 = Release|Any CPU
	EndGlobalSection
	GlobalSection(SolutionProperties) = preSolution
		HideSolutionNode = FALSE
	EndGlobalSection
	GlobalSection(ExtensibilityGlobals) = postSolution
		SolutionGuid = {0E8B3ACD-9BFC-460F-AA03-39C190C5E5BF}
	EndGlobalSection
EndGlobal
