
Microsoft Visual Studio Solution File, Format Version 12.00
# Visual Studio Version 17
VisualStudioVersion = 17.7.34202.233
MinimumVisualStudioVersion = 10.0.40219.1
Project("{FAE04EC0-301F-11D3-BF4B-00C04F79EFBC}") = "Device_Temperature", "Device_Temperature\Device_Temperature.csproj", "{FDD6297A-9633-4EAA-9FBB-A480F1C24B99}"
EndProject
Project("{FAE04EC0-301F-11D3-BF4B-00C04F79EFBC}") = "DataAccess", "DataAccess\DataAccess.csproj", "{59537350-589E-4524-9A37-9E1E39D82BBA}"
EndProject
Global
	GlobalSection(SolutionConfigurationPlatforms) = preSolution
		Debug|Any CPU = Debug|Any CPU
		Release|Any CPU = Release|Any CPU
	EndGlobalSection
	GlobalSection(ProjectConfigurationPlatforms) = postSolution
		{FDD6297A-9633-4EAA-9FBB-A480F1C24B99}.Debug|Any CPU.ActiveCfg = Debug|Any CPU
		{FDD6297A-9633-4EAA-9FBB-A480F1C24B99}.Debug|Any CPU.Build.0 = Debug|Any CPU
		{FDD6297A-9633-4EAA-9FBB-A480F1C24B99}.Release|Any CPU.ActiveCfg = Release|Any CPU
		{FDD6297A-9633-4EAA-9FBB-A480F1C24B99}.Release|Any CPU.Build.0 = Release|Any CPU
		{59537350-589E-4524-9A37-9E1E39D82BBA}.Debug|Any CPU.ActiveCfg = Debug|Any CPU
		{59537350-589E-4524-9A37-9E1E39D82BBA}.Debug|Any CPU.Build.0 = Debug|Any CPU
		{59537350-589E-4524-9A37-9E1E39D82BBA}.Release|Any CPU.ActiveCfg = Release|Any CPU
		{59537350-589E-4524-9A37-9E1E39D82BBA}.Release|Any CPU.Build.0 = Release|Any CPU
	EndGlobalSection
	GlobalSection(SolutionProperties) = preSolution
		HideSolutionNode = FALSE
	EndGlobalSection
	GlobalSection(ExtensibilityGlobals) = postSolution
		SolutionGuid = {B09C48D3-F920-41B1-922B-69D051BE8B99}
	EndGlobalSection
EndGlobal
